
Microsoft Visual Studio Solution File, Format Version 12.00
# Visual Studio Version 17
VisualStudioVersion = 17.8.34511.84
MinimumVisualStudioVersion = 10.0.40219.1
Project("{FAE04EC0-301F-11D3-BF4B-00C04F79EFBC}") = "LabaWS9", "LabaWS9\LabaWS9.csproj", "{8082E05A-4043-4BA5-9D47-4F2F1DBF13C8}"
EndProject
Global
	GlobalSection(SolutionConfigurationPlatforms) = preSolution
		Debug|Any CPU = Debug|Any CPU
		Release|Any CPU = Release|Any CPU
	EndGlobalSection
	GlobalSection(ProjectConfigurationPlatforms) = postSolution
		{8082E05A-4043-4BA5-9D47-4F2F1DBF13C8}.Debug|Any CPU.ActiveCfg = Debug|Any CPU
		{8082E05A-4043-4BA5-9D47-4F2F1DBF13C8}.Debug|Any CPU.Build.0 = Debug|Any CPU
		{8082E05A-4043-4BA5-9D47-4F2F1DBF13C8}.Release|Any CPU.ActiveCfg = Release|Any CPU
		{8082E05A-4043-4BA5-9D47-4F2F1DBF13C8}.Release|Any CPU.Build.0 = Release|Any CPU
	EndGlobalSection
	GlobalSection(SolutionProperties) = preSolution
		HideSolutionNode = FALSE
	EndGlobalSection
	GlobalSection(ExtensibilityGlobals) = postSolution
		SolutionGuid = {4DF8EAE0-081B-4619-8603-94B1E9E9C245}
	EndGlobalSection
EndGlobal
